
Microsoft Visual Studio Solution File, Format Version 12.00
# Visual Studio Version 16
VisualStudioVersion = 16.0.30128.74
MinimumVisualStudioVersion = 10.0.40219.1
Project("{FAE04EC0-301F-11D3-BF4B-00C04F79EFBC}") = "Online-Shopping", "Online-Shopping\Online-Shopping.csproj", "{A95EC1A4-249B-4A15-B6B1-FDB33CA5B0C1}"
EndProject
Global
	GlobalSection(SolutionConfigurationPlatforms) = preSolution
		Debug|Any CPU = Debug|Any CPU
		Release|Any CPU = Release|Any CPU
	EndGlobalSection
	GlobalSection(ProjectConfigurationPlatforms) = postSolution
		{A95EC1A4-249B-4A15-B6B1-FDB33CA5B0C1}.Debug|Any CPU.ActiveCfg = Debug|Any CPU
		{A95EC1A4-249B-4A15-B6B1-FDB33CA5B0C1}.Debug|Any CPU.Build.0 = Debug|Any CPU
		{A95EC1A4-249B-4A15-B6B1-FDB33CA5B0C1}.Release|Any CPU.ActiveCfg = Release|Any CPU
		{A95EC1A4-249B-4A15-B6B1-FDB33CA5B0C1}.Release|Any CPU.Build.0 = Release|Any CPU
	EndGlobalSection
	GlobalSection(SolutionProperties) = preSolution
		HideSolutionNode = FALSE
	EndGlobalSection
	GlobalSection(ExtensibilityGlobals) = postSolution
		SolutionGuid = {EFF46242-DDF6-4849-9F85-6D53397B8369}
	EndGlobalSection
EndGlobal
